// !$*UTF8*$!
{
	archiveVersion = 1;
	classes = {
	};
	objectVersion = 55;
	objects = {

/* Begin PBXBuildFile section */
		4C6BB44627D4C91A00708E23 /* LocationEndpointTests.swift in Sources */ = {isa = PBXBuildFile; fileRef = 4C6BB44527D4C91A00708E23 /* LocationEndpointTests.swift */; };
		4C6BB44827D4CA8D00708E23 /* LocationMapperTests.swift in Sources */ = {isa = PBXBuildFile; fileRef = 4C6BB44727D4CA8D00708E23 /* LocationMapperTests.swift */; };
		4C6BB44B27D4DECA00708E23 /* SharedTestHelpers.swift in Sources */ = {isa = PBXBuildFile; fileRef = 4C6BB44A27D4DECA00708E23 /* SharedTestHelpers.swift */; };
		4C6BB45127D4FBE600708E23 /* URLProtocolStub.swift in Sources */ = {isa = PBXBuildFile; fileRef = 4C6BB45027D4FBE600708E23 /* URLProtocolStub.swift */; };
		4C6BB45327D4FC0C00708E23 /* LocationServiceTests.swift in Sources */ = {isa = PBXBuildFile; fileRef = 4C6BB45227D4FC0C00708E23 /* LocationServiceTests.swift */; };
		4CB368D127D115D2004F0AF0 /* AppDelegate.swift in Sources */ = {isa = PBXBuildFile; fileRef = 4CB368D027D115D2004F0AF0 /* AppDelegate.swift */; };
		4CB368D327D115D2004F0AF0 /* SceneDelegate.swift in Sources */ = {isa = PBXBuildFile; fileRef = 4CB368D227D115D2004F0AF0 /* SceneDelegate.swift */; };
		4CB368DA27D115D3004F0AF0 /* Assets.xcassets in Resources */ = {isa = PBXBuildFile; fileRef = 4CB368D927D115D3004F0AF0 /* Assets.xcassets */; };
		4CB368DD27D115D3004F0AF0 /* LaunchScreen.storyboard in Resources */ = {isa = PBXBuildFile; fileRef = 4CB368DB27D115D3004F0AF0 /* LaunchScreen.storyboard */; };
		4CB368E827D115D4004F0AF0 /* LocationsListViewControllerTests.swift in Sources */ = {isa = PBXBuildFile; fileRef = 4CB368E727D115D4004F0AF0 /* LocationsListViewControllerTests.swift */; };
		4CB3690427D11A79004F0AF0 /* LocationEndpoint.swift in Sources */ = {isa = PBXBuildFile; fileRef = 4CB3690327D11A79004F0AF0 /* LocationEndpoint.swift */; };
		4CB3690727D1270B004F0AF0 /* LocationMapper.swift in Sources */ = {isa = PBXBuildFile; fileRef = 4CB3690627D1270B004F0AF0 /* LocationMapper.swift */; };
		4CB3690927D127BE004F0AF0 /* URLSessionHTTPClient.swift in Sources */ = {isa = PBXBuildFile; fileRef = 4CB3690827D127BE004F0AF0 /* URLSessionHTTPClient.swift */; };
		4CB3691027D13C4D004F0AF0 /* Location.swift in Sources */ = {isa = PBXBuildFile; fileRef = 4CB3690F27D13C4D004F0AF0 /* Location.swift */; };
		4CB3691227D1435C004F0AF0 /* LocationsViiewController.swift in Sources */ = {isa = PBXBuildFile; fileRef = 4CB3691127D1435C004F0AF0 /* LocationsViiewController.swift */; };
		4CB3691427D1556A004F0AF0 /* LocationService.swift in Sources */ = {isa = PBXBuildFile; fileRef = 4CB3691327D1556A004F0AF0 /* LocationService.swift */; };
		4CDC22E527D2964F00331B0E /* LocationTableViewCell.swift in Sources */ = {isa = PBXBuildFile; fileRef = 4CDC22E327D2964F00331B0E /* LocationTableViewCell.swift */; };
		4CDC22E627D2964F00331B0E /* LocationTableViewCell.xib in Resources */ = {isa = PBXBuildFile; fileRef = 4CDC22E427D2964F00331B0E /* LocationTableViewCell.xib */; };
		4CDDF98827D3659B00D91869 /* LocationURL.swift in Sources */ = {isa = PBXBuildFile; fileRef = 4CDDF98727D3659B00D91869 /* LocationURL.swift */; };
		4CDDF99027D3E58D00D91869 /* Alertable.swift in Sources */ = {isa = PBXBuildFile; fileRef = 4CDDF98F27D3E58D00D91869 /* Alertable.swift */; };
		4CDDF99327D3E7B000D91869 /* LocationViewModel.swift in Sources */ = {isa = PBXBuildFile; fileRef = 4CDDF99227D3E7B000D91869 /* LocationViewModel.swift */; };
		4CE24C1327D6582A00C9FDE1 /* AddLocationViewController.swift in Sources */ = {isa = PBXBuildFile; fileRef = 4CE24C1127D6582A00C9FDE1 /* AddLocationViewController.swift */; };
		4CE24C1427D6582A00C9FDE1 /* AddLocationViewController.xib in Resources */ = {isa = PBXBuildFile; fileRef = 4CE24C1227D6582A00C9FDE1 /* AddLocationViewController.xib */; };
		4CE24C1727D6668600C9FDE1 /* AddLocationViewModel.swift in Sources */ = {isa = PBXBuildFile; fileRef = 4CE24C1627D6668600C9FDE1 /* AddLocationViewModel.swift */; };
		4CE24C1A27D667F500C9FDE1 /* UITextField+Publisher.swift in Sources */ = {isa = PBXBuildFile; fileRef = 4CE24C1927D667F500C9FDE1 /* UITextField+Publisher.swift */; };
		4CE24C1C27D6681700C9FDE1 /* UIButton+Extesnion.swift in Sources */ = {isa = PBXBuildFile; fileRef = 4CE24C1B27D6681700C9FDE1 /* UIButton+Extesnion.swift */; };
/* End PBXBuildFile section */

/* Begin PBXContainerItemProxy section */
		4CB368E427D115D4004F0AF0 /* PBXContainerItemProxy */ = {
			isa = PBXContainerItemProxy;
			containerPortal = 4CB368C527D115D2004F0AF0 /* Project object */;
			proxyType = 1;
			remoteGlobalIDString = 4CB368CC27D115D2004F0AF0;
			remoteInfo = LocationWikipedia;
		};
/* End PBXContainerItemProxy section */

/* Begin PBXFileReference section */
		4C6BB44527D4C91A00708E23 /* LocationEndpointTests.swift */ = {isa = PBXFileReference; lastKnownFileType = sourcecode.swift; path = LocationEndpointTests.swift; sourceTree = "<group>"; };
		4C6BB44727D4CA8D00708E23 /* LocationMapperTests.swift */ = {isa = PBXFileReference; lastKnownFileType = sourcecode.swift; path = LocationMapperTests.swift; sourceTree = "<group>"; };
		4C6BB44A27D4DECA00708E23 /* SharedTestHelpers.swift */ = {isa = PBXFileReference; lastKnownFileType = sourcecode.swift; path = SharedTestHelpers.swift; sourceTree = "<group>"; };
		4C6BB45027D4FBE600708E23 /* URLProtocolStub.swift */ = {isa = PBXFileReference; lastKnownFileType = sourcecode.swift; path = URLProtocolStub.swift; sourceTree = "<group>"; };
		4C6BB45227D4FC0C00708E23 /* LocationServiceTests.swift */ = {isa = PBXFileReference; lastKnownFileType = sourcecode.swift; path = LocationServiceTests.swift; sourceTree = "<group>"; };
		4CB368CD27D115D2004F0AF0 /* LocationWikipedia.app */ = {isa = PBXFileReference; explicitFileType = wrapper.application; includeInIndex = 0; path = LocationWikipedia.app; sourceTree = BUILT_PRODUCTS_DIR; };
		4CB368D027D115D2004F0AF0 /* AppDelegate.swift */ = {isa = PBXFileReference; lastKnownFileType = sourcecode.swift; path = AppDelegate.swift; sourceTree = "<group>"; };
		4CB368D227D115D2004F0AF0 /* SceneDelegate.swift */ = {isa = PBXFileReference; lastKnownFileType = sourcecode.swift; path = SceneDelegate.swift; sourceTree = "<group>"; };
		4CB368D927D115D3004F0AF0 /* Assets.xcassets */ = {isa = PBXFileReference; lastKnownFileType = folder.assetcatalog; path = Assets.xcassets; sourceTree = "<group>"; };
		4CB368DC27D115D3004F0AF0 /* Base */ = {isa = PBXFileReference; lastKnownFileType = file.storyboard; name = Base; path = Base.lproj/LaunchScreen.storyboard; sourceTree = "<group>"; };
		4CB368DE27D115D3004F0AF0 /* Info.plist */ = {isa = PBXFileReference; lastKnownFileType = text.plist.xml; path = Info.plist; sourceTree = "<group>"; };
		4CB368E327D115D4004F0AF0 /* LocationWikipediaTests.xctest */ = {isa = PBXFileReference; explicitFileType = wrapper.cfbundle; includeInIndex = 0; path = LocationWikipediaTests.xctest; sourceTree = BUILT_PRODUCTS_DIR; };
		4CB368E727D115D4004F0AF0 /* LocationsListViewControllerTests.swift */ = {isa = PBXFileReference; lastKnownFileType = sourcecode.swift; path = LocationsListViewControllerTests.swift; sourceTree = "<group>"; };
		4CB3690327D11A79004F0AF0 /* LocationEndpoint.swift */ = {isa = PBXFileReference; lastKnownFileType = sourcecode.swift; path = LocationEndpoint.swift; sourceTree = "<group>"; };
		4CB3690627D1270B004F0AF0 /* LocationMapper.swift */ = {isa = PBXFileReference; lastKnownFileType = sourcecode.swift; path = LocationMapper.swift; sourceTree = "<group>"; };
		4CB3690827D127BE004F0AF0 /* URLSessionHTTPClient.swift */ = {isa = PBXFileReference; lastKnownFileType = sourcecode.swift; path = URLSessionHTTPClient.swift; sourceTree = "<group>"; };
		4CB3690F27D13C4D004F0AF0 /* Location.swift */ = {isa = PBXFileReference; lastKnownFileType = sourcecode.swift; path = Location.swift; sourceTree = "<group>"; };
		4CB3691127D1435C004F0AF0 /* LocationsViiewController.swift */ = {isa = PBXFileReference; lastKnownFileType = sourcecode.swift; path = LocationsViiewController.swift; sourceTree = "<group>"; };
		4CB3691327D1556A004F0AF0 /* LocationService.swift */ = {isa = PBXFileReference; lastKnownFileType = sourcecode.swift; path = LocationService.swift; sourceTree = "<group>"; };
		4CDC22E327D2964F00331B0E /* LocationTableViewCell.swift */ = {isa = PBXFileReference; lastKnownFileType = sourcecode.swift; path = LocationTableViewCell.swift; sourceTree = "<group>"; };
		4CDC22E427D2964F00331B0E /* LocationTableViewCell.xib */ = {isa = PBXFileReference; lastKnownFileType = file.xib; path = LocationTableViewCell.xib; sourceTree = "<group>"; };
		4CDDF98727D3659B00D91869 /* LocationURL.swift */ = {isa = PBXFileReference; lastKnownFileType = sourcecode.swift; path = LocationURL.swift; sourceTree = "<group>"; };
		4CDDF98F27D3E58D00D91869 /* Alertable.swift */ = {isa = PBXFileReference; lastKnownFileType = sourcecode.swift; path = Alertable.swift; sourceTree = "<group>"; };
		4CDDF99227D3E7B000D91869 /* LocationViewModel.swift */ = {isa = PBXFileReference; lastKnownFileType = sourcecode.swift; path = LocationViewModel.swift; sourceTree = "<group>"; };
		4CE24C1127D6582A00C9FDE1 /* AddLocationViewController.swift */ = {isa = PBXFileReference; lastKnownFileType = sourcecode.swift; path = AddLocationViewController.swift; sourceTree = "<group>"; };
		4CE24C1227D6582A00C9FDE1 /* AddLocationViewController.xib */ = {isa = PBXFileReference; lastKnownFileType = file.xib; path = AddLocationViewController.xib; sourceTree = "<group>"; };
		4CE24C1627D6668600C9FDE1 /* AddLocationViewModel.swift */ = {isa = PBXFileReference; lastKnownFileType = sourcecode.swift; path = AddLocationViewModel.swift; sourceTree = "<group>"; };
		4CE24C1927D667F500C9FDE1 /* UITextField+Publisher.swift */ = {isa = PBXFileReference; lastKnownFileType = sourcecode.swift; path = "UITextField+Publisher.swift"; sourceTree = "<group>"; };
		4CE24C1B27D6681700C9FDE1 /* UIButton+Extesnion.swift */ = {isa = PBXFileReference; lastKnownFileType = sourcecode.swift; path = "UIButton+Extesnion.swift"; sourceTree = "<group>"; };
/* End PBXFileReference section */

/* Begin PBXFrameworksBuildPhase section */
		4CB368CA27D115D2004F0AF0 /* Frameworks */ = {
			isa = PBXFrameworksBuildPhase;
			buildActionMask = 2147483647;
			files = (
			);
			runOnlyForDeploymentPostprocessing = 0;
		};
		4CB368E027D115D4004F0AF0 /* Frameworks */ = {
			isa = PBXFrameworksBuildPhase;
			buildActionMask = 2147483647;
			files = (
			);
			runOnlyForDeploymentPostprocessing = 0;
		};
/* End PBXFrameworksBuildPhase section */

/* Begin PBXGroup section */
		4C6BB44927D4DEA900708E23 /* Helpers */ = {
			isa = PBXGroup;
			children = (
				4C6BB44A27D4DECA00708E23 /* SharedTestHelpers.swift */,
				4C6BB45027D4FBE600708E23 /* URLProtocolStub.swift */,
			);
			path = Helpers;
			sourceTree = "<group>";
		};
		4CB368C427D115D2004F0AF0 = {
			isa = PBXGroup;
			children = (
				4CB368CF27D115D2004F0AF0 /* LocationWikipedia */,
				4CB368E627D115D4004F0AF0 /* LocationWikipediaTests */,
				4CB368CE27D115D2004F0AF0 /* Products */,
			);
			sourceTree = "<group>";
		};
		4CB368CE27D115D2004F0AF0 /* Products */ = {
			isa = PBXGroup;
			children = (
				4CB368CD27D115D2004F0AF0 /* LocationWikipedia.app */,
				4CB368E327D115D4004F0AF0 /* LocationWikipediaTests.xctest */,
			);
			name = Products;
			sourceTree = "<group>";
		};
		4CB368CF27D115D2004F0AF0 /* LocationWikipedia */ = {
			isa = PBXGroup;
			children = (
				4CDDF98B27D3E3C800D91869 /* API Infrastructure */,
				4CDDF98C27D3E41C00D91869 /* Location API */,
				4CDDF98627D3653A00D91869 /* Domain */,
				4CDC22E227D2959A00331B0E /* Presentation */,
				4CB368D027D115D2004F0AF0 /* AppDelegate.swift */,
				4CB368D227D115D2004F0AF0 /* SceneDelegate.swift */,
				4CB368D927D115D3004F0AF0 /* Assets.xcassets */,
				4CB368DB27D115D3004F0AF0 /* LaunchScreen.storyboard */,
				4CB368DE27D115D3004F0AF0 /* Info.plist */,
			);
			path = LocationWikipedia;
			sourceTree = "<group>";
		};
		4CB368E627D115D4004F0AF0 /* LocationWikipediaTests */ = {
			isa = PBXGroup;
			children = (
				4C6BB44927D4DEA900708E23 /* Helpers */,
				4CB368E727D115D4004F0AF0 /* LocationsListViewControllerTests.swift */,
				4C6BB44527D4C91A00708E23 /* LocationEndpointTests.swift */,
				4C6BB44727D4CA8D00708E23 /* LocationMapperTests.swift */,
				4C6BB45227D4FC0C00708E23 /* LocationServiceTests.swift */,
			);
			path = LocationWikipediaTests;
			sourceTree = "<group>";
		};
		4CDC22E227D2959A00331B0E /* Presentation */ = {
			isa = PBXGroup;
			children = (
				4CE24C1827D667E800C9FDE1 /* Extensions */,
				4CE24C0F27D657F000C9FDE1 /* AddLocationScene */,
				4CE24C0E27D657C800C9FDE1 /* LocationScene */,
				4CDDF98E27D3E58100D91869 /* Protocols */,
			);
			path = Presentation;
			sourceTree = "<group>";
		};
		4CDC22EA27D29A4800331B0E /* Views */ = {
			isa = PBXGroup;
			children = (
				4CDC22E327D2964F00331B0E /* LocationTableViewCell.swift */,
				4CDC22E427D2964F00331B0E /* LocationTableViewCell.xib */,
			);
			path = Views;
			sourceTree = "<group>";
		};
		4CDC22EB27D29A5100331B0E /* Controllers */ = {
			isa = PBXGroup;
			children = (
				4CB3691127D1435C004F0AF0 /* LocationsViiewController.swift */,
			);
			path = Controllers;
			sourceTree = "<group>";
		};
		4CDDF98627D3653A00D91869 /* Domain */ = {
			isa = PBXGroup;
			children = (
				4CB3690F27D13C4D004F0AF0 /* Location.swift */,
				4CDDF98727D3659B00D91869 /* LocationURL.swift */,
			);
			path = Domain;
			sourceTree = "<group>";
		};
		4CDDF98B27D3E3C800D91869 /* API Infrastructure */ = {
			isa = PBXGroup;
			children = (
				4CB3690827D127BE004F0AF0 /* URLSessionHTTPClient.swift */,
			);
			path = "API Infrastructure";
			sourceTree = "<group>";
		};
		4CDDF98C27D3E41C00D91869 /* Location API */ = {
			isa = PBXGroup;
			children = (
				4CB3690327D11A79004F0AF0 /* LocationEndpoint.swift */,
				4CB3691327D1556A004F0AF0 /* LocationService.swift */,
				4CB3690627D1270B004F0AF0 /* LocationMapper.swift */,
			);
			path = "Location API";
			sourceTree = "<group>";
		};
		4CDDF98E27D3E58100D91869 /* Protocols */ = {
			isa = PBXGroup;
			children = (
				4CDDF98F27D3E58D00D91869 /* Alertable.swift */,
			);
			path = Protocols;
			sourceTree = "<group>";
		};
		4CDDF99127D3E7A700D91869 /* ViewModels */ = {
			isa = PBXGroup;
			children = (
				4CDDF99227D3E7B000D91869 /* LocationViewModel.swift */,
			);
			path = ViewModels;
			sourceTree = "<group>";
		};
		4CE24C0E27D657C800C9FDE1 /* LocationScene */ = {
			isa = PBXGroup;
			children = (
				4CDC22EA27D29A4800331B0E /* Views */,
				4CDDF99127D3E7A700D91869 /* ViewModels */,
				4CDC22EB27D29A5100331B0E /* Controllers */,
			);
			path = LocationScene;
			sourceTree = "<group>";
		};
		4CE24C0F27D657F000C9FDE1 /* AddLocationScene */ = {
			isa = PBXGroup;
			children = (
				4CE24C1527D6667800C9FDE1 /* ViewModel */,
				4CE24C1027D6581A00C9FDE1 /* Views */,
			);
			path = AddLocationScene;
			sourceTree = "<group>";
		};
		4CE24C1027D6581A00C9FDE1 /* Views */ = {
			isa = PBXGroup;
			children = (
				4CE24C1127D6582A00C9FDE1 /* AddLocationViewController.swift */,
				4CE24C1227D6582A00C9FDE1 /* AddLocationViewController.xib */,
			);
			path = Views;
			sourceTree = "<group>";
		};
		4CE24C1527D6667800C9FDE1 /* ViewModel */ = {
			isa = PBXGroup;
			children = (
				4CE24C1627D6668600C9FDE1 /* AddLocationViewModel.swift */,
			);
			path = ViewModel;
			sourceTree = "<group>";
		};
		4CE24C1827D667E800C9FDE1 /* Extensions */ = {
			isa = PBXGroup;
			children = (
				4CE24C1927D667F500C9FDE1 /* UITextField+Publisher.swift */,
				4CE24C1B27D6681700C9FDE1 /* UIButton+Extesnion.swift */,
			);
			path = Extensions;
			sourceTree = "<group>";
		};
/* End PBXGroup section */

/* Begin PBXNativeTarget section */
		4CB368CC27D115D2004F0AF0 /* LocationWikipedia */ = {
			isa = PBXNativeTarget;
			buildConfigurationList = 4CB368F727D115D4004F0AF0 /* Build configuration list for PBXNativeTarget "LocationWikipedia" */;
			buildPhases = (
				4CB368C927D115D2004F0AF0 /* Sources */,
				4CB368CA27D115D2004F0AF0 /* Frameworks */,
				4CB368CB27D115D2004F0AF0 /* Resources */,
			);
			buildRules = (
			);
			dependencies = (
			);
			name = LocationWikipedia;
			productName = LocationWikipedia;
			productReference = 4CB368CD27D115D2004F0AF0 /* LocationWikipedia.app */;
			productType = "com.apple.product-type.application";
		};
		4CB368E227D115D4004F0AF0 /* LocationWikipediaTests */ = {
			isa = PBXNativeTarget;
			buildConfigurationList = 4CB368FA27D115D4004F0AF0 /* Build configuration list for PBXNativeTarget "LocationWikipediaTests" */;
			buildPhases = (
				4CB368DF27D115D4004F0AF0 /* Sources */,
				4CB368E027D115D4004F0AF0 /* Frameworks */,
				4CB368E127D115D4004F0AF0 /* Resources */,
			);
			buildRules = (
			);
			dependencies = (
				4CB368E527D115D4004F0AF0 /* PBXTargetDependency */,
			);
			name = LocationWikipediaTests;
			productName = LocationWikipediaTests;
			productReference = 4CB368E327D115D4004F0AF0 /* LocationWikipediaTests.xctest */;
			productType = "com.apple.product-type.bundle.unit-test";
		};
/* End PBXNativeTarget section */

/* Begin PBXProject section */
		4CB368C527D115D2004F0AF0 /* Project object */ = {
			isa = PBXProject;
			attributes = {
				BuildIndependentTargetsInParallel = 1;
				LastSwiftUpdateCheck = 1320;
				LastUpgradeCheck = 1320;
				TargetAttributes = {
					4CB368CC27D115D2004F0AF0 = {
						CreatedOnToolsVersion = 13.2.1;
					};
					4CB368E227D115D4004F0AF0 = {
						CreatedOnToolsVersion = 13.2.1;
						TestTargetID = 4CB368CC27D115D2004F0AF0;
					};
				};
			};
			buildConfigurationList = 4CB368C827D115D2004F0AF0 /* Build configuration list for PBXProject "LocationWikipedia" */;
			compatibilityVersion = "Xcode 13.0";
			developmentRegion = en;
			hasScannedForEncodings = 0;
			knownRegions = (
				en,
				Base,
			);
			mainGroup = 4CB368C427D115D2004F0AF0;
			productRefGroup = 4CB368CE27D115D2004F0AF0 /* Products */;
			projectDirPath = "";
			projectRoot = "";
			targets = (
				4CB368CC27D115D2004F0AF0 /* LocationWikipedia */,
				4CB368E227D115D4004F0AF0 /* LocationWikipediaTests */,
			);
		};
/* End PBXProject section */

/* Begin PBXResourcesBuildPhase section */
		4CB368CB27D115D2004F0AF0 /* Resources */ = {
			isa = PBXResourcesBuildPhase;
			buildActionMask = 2147483647;
			files = (
				4CB368DD27D115D3004F0AF0 /* LaunchScreen.storyboard in Resources */,
				4CB368DA27D115D3004F0AF0 /* Assets.xcassets in Resources */,
				4CDC22E627D2964F00331B0E /* LocationTableViewCell.xib in Resources */,
				4CE24C1427D6582A00C9FDE1 /* AddLocationViewController.xib in Resources */,
			);
			runOnlyForDeploymentPostprocessing = 0;
		};
		4CB368E127D115D4004F0AF0 /* Resources */ = {
			isa = PBXResourcesBuildPhase;
			buildActionMask = 2147483647;
			files = (
			);
			runOnlyForDeploymentPostprocessing = 0;
		};
/* End PBXResourcesBuildPhase section */

/* Begin PBXSourcesBuildPhase section */
		4CB368C927D115D2004F0AF0 /* Sources */ = {
			isa = PBXSourcesBuildPhase;
			buildActionMask = 2147483647;
			files = (
				4CB3691027D13C4D004F0AF0 /* Location.swift in Sources */,
				4CB3690727D1270B004F0AF0 /* LocationMapper.swift in Sources */,
				4CDDF98827D3659B00D91869 /* LocationURL.swift in Sources */,
				4CE24C1A27D667F500C9FDE1 /* UITextField+Publisher.swift in Sources */,
				4CB3691427D1556A004F0AF0 /* LocationService.swift in Sources */,
				4CE24C1C27D6681700C9FDE1 /* UIButton+Extesnion.swift in Sources */,
				4CDC22E527D2964F00331B0E /* LocationTableViewCell.swift in Sources */,
				4CE24C1727D6668600C9FDE1 /* AddLocationViewModel.swift in Sources */,
				4CE24C1327D6582A00C9FDE1 /* AddLocationViewController.swift in Sources */,
				4CB3691227D1435C004F0AF0 /* LocationsViiewController.swift in Sources */,
				4CB3690927D127BE004F0AF0 /* URLSessionHTTPClient.swift in Sources */,
				4CDDF99327D3E7B000D91869 /* LocationViewModel.swift in Sources */,
				4CB368D127D115D2004F0AF0 /* AppDelegate.swift in Sources */,
				4CDDF99027D3E58D00D91869 /* Alertable.swift in Sources */,
				4CB3690427D11A79004F0AF0 /* LocationEndpoint.swift in Sources */,
				4CB368D327D115D2004F0AF0 /* SceneDelegate.swift in Sources */,
			);
			runOnlyForDeploymentPostprocessing = 0;
		};
		4CB368DF27D115D4004F0AF0 /* Sources */ = {
			isa = PBXSourcesBuildPhase;
			buildActionMask = 2147483647;
			files = (
				4C6BB44827D4CA8D00708E23 /* LocationMapperTests.swift in Sources */,
				4C6BB44B27D4DECA00708E23 /* SharedTestHelpers.swift in Sources */,
				4C6BB45327D4FC0C00708E23 /* LocationServiceTests.swift in Sources */,
				4C6BB44627D4C91A00708E23 /* LocationEndpointTests.swift in Sources */,
				4CB368E827D115D4004F0AF0 /* LocationsListViewControllerTests.swift in Sources */,
				4C6BB45127D4FBE600708E23 /* URLProtocolStub.swift in Sources */,
			);
			runOnlyForDeploymentPostprocessing = 0;
		};
/* End PBXSourcesBuildPhase section */

/* Begin PBXTargetDependency section */
		4CB368E527D115D4004F0AF0 /* PBXTargetDependency */ = {
			isa = PBXTargetDependency;
			target = 4CB368CC27D115D2004F0AF0 /* LocationWikipedia */;
			targetProxy = 4CB368E427D115D4004F0AF0 /* PBXContainerItemProxy */;
		};
/* End PBXTargetDependency section */

/* Begin PBXVariantGroup section */
		4CB368DB27D115D3004F0AF0 /* LaunchScreen.storyboard */ = {
			isa = PBXVariantGroup;
			children = (
				4CB368DC27D115D3004F0AF0 /* Base */,
			);
			name = LaunchScreen.storyboard;
			sourceTree = "<group>";
		};
/* End PBXVariantGroup section */

/* Begin XCBuildConfiguration section */
		4CB368F527D115D4004F0AF0 /* Debug */ = {
			isa = XCBuildConfiguration;
			buildSettings = {
				ALWAYS_SEARCH_USER_PATHS = NO;
				CLANG_ANALYZER_NONNULL = YES;
				CLANG_ANALYZER_NUMBER_OBJECT_CONVERSION = YES_AGGRESSIVE;
				CLANG_CXX_LANGUAGE_STANDARD = "gnu++17";
				CLANG_CXX_LIBRARY = "libc++";
				CLANG_ENABLE_MODULES = YES;
				CLANG_ENABLE_OBJC_ARC = YES;
				CLANG_ENABLE_OBJC_WEAK = YES;
				CLANG_WARN_BLOCK_CAPTURE_AUTORELEASING = YES;
				CLANG_WARN_BOOL_CONVERSION = YES;
				CLANG_WARN_COMMA = YES;
				CLANG_WARN_CONSTANT_CONVERSION = YES;
				CLANG_WARN_DEPRECATED_OBJC_IMPLEMENTATIONS = YES;
				CLANG_WARN_DIRECT_OBJC_ISA_USAGE = YES_ERROR;
				CLANG_WARN_DOCUMENTATION_COMMENTS = YES;
				CLANG_WARN_EMPTY_BODY = YES;
				CLANG_WARN_ENUM_CONVERSION = YES;
				CLANG_WARN_INFINITE_RECURSION = YES;
				CLANG_WARN_INT_CONVERSION = YES;
				CLANG_WARN_NON_LITERAL_NULL_CONVERSION = YES;
				CLANG_WARN_OBJC_IMPLICIT_RETAIN_SELF = YES;
				CLANG_WARN_OBJC_LITERAL_CONVERSION = YES;
				CLANG_WARN_OBJC_ROOT_CLASS = YES_ERROR;
				CLANG_WARN_QUOTED_INCLUDE_IN_FRAMEWORK_HEADER = YES;
				CLANG_WARN_RANGE_LOOP_ANALYSIS = YES;
				CLANG_WARN_STRICT_PROTOTYPES = YES;
				CLANG_WARN_SUSPICIOUS_MOVE = YES;
				CLANG_WARN_UNGUARDED_AVAILABILITY = YES_AGGRESSIVE;
				CLANG_WARN_UNREACHABLE_CODE = YES;
				CLANG_WARN__DUPLICATE_METHOD_MATCH = YES;
				COPY_PHASE_STRIP = NO;
				DEBUG_INFORMATION_FORMAT = dwarf;
				ENABLE_STRICT_OBJC_MSGSEND = YES;
				ENABLE_TESTABILITY = YES;
				GCC_C_LANGUAGE_STANDARD = gnu11;
				GCC_DYNAMIC_NO_PIC = NO;
				GCC_NO_COMMON_BLOCKS = YES;
				GCC_OPTIMIZATION_LEVEL = 0;
				GCC_PREPROCESSOR_DEFINITIONS = (
					"DEBUG=1",
					"$(inherited)",
				);
				GCC_WARN_64_TO_32_BIT_CONVERSION = YES;
				GCC_WARN_ABOUT_RETURN_TYPE = YES_ERROR;
				GCC_WARN_UNDECLARED_SELECTOR = YES;
				GCC_WARN_UNINITIALIZED_AUTOS = YES_AGGRESSIVE;
				GCC_WARN_UNUSED_FUNCTION = YES;
				GCC_WARN_UNUSED_VARIABLE = YES;
				IPHONEOS_DEPLOYMENT_TARGET = 15.2;
				MTL_ENABLE_DEBUG_INFO = INCLUDE_SOURCE;
				MTL_FAST_MATH = YES;
				ONLY_ACTIVE_ARCH = YES;
				SDKROOT = iphoneos;
				SWIFT_ACTIVE_COMPILATION_CONDITIONS = DEBUG;
				SWIFT_OPTIMIZATION_LEVEL = "-Onone";
			};
			name = Debug;
		};
		4CB368F627D115D4004F0AF0 /* Release */ = {
			isa = XCBuildConfiguration;
			buildSettings = {
				ALWAYS_SEARCH_USER_PATHS = NO;
				CLANG_ANALYZER_NONNULL = YES;
				CLANG_ANALYZER_NUMBER_OBJECT_CONVERSION = YES_AGGRESSIVE;
				CLANG_CXX_LANGUAGE_STANDARD = "gnu++17";
				CLANG_CXX_LIBRARY = "libc++";
				CLANG_ENABLE_MODULES = YES;
				CLANG_ENABLE_OBJC_ARC = YES;
				CLANG_ENABLE_OBJC_WEAK = YES;
				CLANG_WARN_BLOCK_CAPTURE_AUTORELEASING = YES;
				CLANG_WARN_BOOL_CONVERSION = YES;
				CLANG_WARN_COMMA = YES;
				CLANG_WARN_CONSTANT_CONVERSION = YES;
				CLANG_WARN_DEPRECATED_OBJC_IMPLEMENTATIONS = YES;
				CLANG_WARN_DIRECT_OBJC_ISA_USAGE = YES_ERROR;
				CLANG_WARN_DOCUMENTATION_COMMENTS = YES;
				CLANG_WARN_EMPTY_BODY = YES;
				CLANG_WARN_ENUM_CONVERSION = YES;
				CLANG_WARN_INFINITE_RECURSION = YES;
				CLANG_WARN_INT_CONVERSION = YES;
				CLANG_WARN_NON_LITERAL_NULL_CONVERSION = YES;
				CLANG_WARN_OBJC_IMPLICIT_RETAIN_SELF = YES;
				CLANG_WARN_OBJC_LITERAL_CONVERSION = YES;
				CLANG_WARN_OBJC_ROOT_CLASS = YES_ERROR;
				CLANG_WARN_QUOTED_INCLUDE_IN_FRAMEWORK_HEADER = YES;
				CLANG_WARN_RANGE_LOOP_ANALYSIS = YES;
				CLANG_WARN_STRICT_PROTOTYPES = YES;
				CLANG_WARN_SUSPICIOUS_MOVE = YES;
				CLANG_WARN_UNGUARDED_AVAILABILITY = YES_AGGRESSIVE;
				CLANG_WARN_UNREACHABLE_CODE = YES;
				CLANG_WARN__DUPLICATE_METHOD_MATCH = YES;
				COPY_PHASE_STRIP = NO;
				DEBUG_INFORMATION_FORMAT = "dwarf-with-dsym";
				ENABLE_NS_ASSERTIONS = NO;
				ENABLE_STRICT_OBJC_MSGSEND = YES;
				GCC_C_LANGUAGE_STANDARD = gnu11;
				GCC_NO_COMMON_BLOCKS = YES;
				GCC_WARN_64_TO_32_BIT_CONVERSION = YES;
				GCC_WARN_ABOUT_RETURN_TYPE = YES_ERROR;
				GCC_WARN_UNDECLARED_SELECTOR = YES;
				GCC_WARN_UNINITIALIZED_AUTOS = YES_AGGRESSIVE;
				GCC_WARN_UNUSED_FUNCTION = YES;
				GCC_WARN_UNUSED_VARIABLE = YES;
				IPHONEOS_DEPLOYMENT_TARGET = 15.2;
				MTL_ENABLE_DEBUG_INFO = NO;
				MTL_FAST_MATH = YES;
				SDKROOT = iphoneos;
				SWIFT_COMPILATION_MODE = wholemodule;
				SWIFT_OPTIMIZATION_LEVEL = "-O";
				VALIDATE_PRODUCT = YES;
			};
			name = Release;
		};
		4CB368F827D115D4004F0AF0 /* Debug */ = {
			isa = XCBuildConfiguration;
			buildSettings = {
				ASSETCATALOG_COMPILER_APPICON_NAME = AppIcon;
				ASSETCATALOG_COMPILER_GLOBAL_ACCENT_COLOR_NAME = AccentColor;
				CODE_SIGN_STYLE = Automatic;
				CURRENT_PROJECT_VERSION = 1;
				DEVELOPMENT_TEAM = ZUTM2D9M6W;
				GENERATE_INFOPLIST_FILE = YES;
				INFOPLIST_FILE = LocationWikipedia/Info.plist;
				INFOPLIST_KEY_UIApplicationSupportsIndirectInputEvents = YES;
				INFOPLIST_KEY_UILaunchStoryboardName = LaunchScreen;
				INFOPLIST_KEY_UISupportedInterfaceOrientations_iPad = "UIInterfaceOrientationPortrait UIInterfaceOrientationPortraitUpsideDown UIInterfaceOrientationLandscapeLeft UIInterfaceOrientationLandscapeRight";
				INFOPLIST_KEY_UISupportedInterfaceOrientations_iPhone = "UIInterfaceOrientationPortrait UIInterfaceOrientationLandscapeLeft UIInterfaceOrientationLandscapeRight";
				IPHONEOS_DEPLOYMENT_TARGET = 15.2;
				LD_RUNPATH_SEARCH_PATHS = (
					"$(inherited)",
					"@executable_path/Frameworks",
				);
				MARKETING_VERSION = 1.0;
				PRODUCT_BUNDLE_IDENTIFIER = com.bitar.LocationWikipedia;
				PRODUCT_NAME = "$(TARGET_NAME)";
				SWIFT_EMIT_LOC_STRINGS = YES;
				SWIFT_VERSION = 5.0;
				TARGETED_DEVICE_FAMILY = "1,2";
			};
			name = Debug;
		};
		4CB368F927D115D4004F0AF0 /* Release */ = {
			isa = XCBuildConfiguration;
			buildSettings = {
				ASSETCATALOG_COMPILER_APPICON_NAME = AppIcon;
				ASSETCATALOG_COMPILER_GLOBAL_ACCENT_COLOR_NAME = AccentColor;
				CODE_SIGN_STYLE = Automatic;
				CURRENT_PROJECT_VERSION = 1;
				DEVELOPMENT_TEAM = ZUTM2D9M6W;
				GENERATE_INFOPLIST_FILE = YES;
				INFOPLIST_FILE = LocationWikipedia/Info.plist;
				INFOPLIST_KEY_UIApplicationSupportsIndirectInputEvents = YES;
				INFOPLIST_KEY_UILaunchStoryboardName = LaunchScreen;
				INFOPLIST_KEY_UISupportedInterfaceOrientations_iPad = "UIInterfaceOrientationPortrait UIInterfaceOrientationPortraitUpsideDown UIInterfaceOrientationLandscapeLeft UIInterfaceOrientationLandscapeRight";
				INFOPLIST_KEY_UISupportedInterfaceOrientations_iPhone = "UIInterfaceOrientationPortrait UIInterfaceOrientationLandscapeLeft UIInterfaceOrientationLandscapeRight";
				IPHONEOS_DEPLOYMENT_TARGET = 15.2;
				LD_RUNPATH_SEARCH_PATHS = (
					"$(inherited)",
					"@executable_path/Frameworks",
				);
				MARKETING_VERSION = 1.0;
				PRODUCT_BUNDLE_IDENTIFIER = com.bitar.LocationWikipedia;
				PRODUCT_NAME = "$(TARGET_NAME)";
				SWIFT_EMIT_LOC_STRINGS = YES;
				SWIFT_VERSION = 5.0;
				TARGETED_DEVICE_FAMILY = "1,2";
			};
			name = Release;
		};
		4CB368FB27D115D4004F0AF0 /* Debug */ = {
			isa = XCBuildConfiguration;
			buildSettings = {
				ALWAYS_EMBED_SWIFT_STANDARD_LIBRARIES = YES;
				BUNDLE_LOADER = "$(TEST_HOST)";
				CODE_SIGN_STYLE = Automatic;
				CURRENT_PROJECT_VERSION = 1;
				DEVELOPMENT_TEAM = ZUTM2D9M6W;
				GENERATE_INFOPLIST_FILE = YES;
				IPHONEOS_DEPLOYMENT_TARGET = 15.2;
				MARKETING_VERSION = 1.0;
				PRODUCT_BUNDLE_IDENTIFIER = com.bitar.LocationWikipediaTests;
				PRODUCT_NAME = "$(TARGET_NAME)";
				SWIFT_EMIT_LOC_STRINGS = NO;
				SWIFT_VERSION = 5.0;
				TARGETED_DEVICE_FAMILY = "1,2";
				TEST_HOST = "$(BUILT_PRODUCTS_DIR)/LocationWikipedia.app/LocationWikipedia";
			};
			name = Debug;
		};
		4CB368FC27D115D4004F0AF0 /* Release */ = {
			isa = XCBuildConfiguration;
			buildSettings = {
				ALWAYS_EMBED_SWIFT_STANDARD_LIBRARIES = YES;
				BUNDLE_LOADER = "$(TEST_HOST)";
				CODE_SIGN_STYLE = Automatic;
				CURRENT_PROJECT_VERSION = 1;
				DEVELOPMENT_TEAM = ZUTM2D9M6W;
				GENERATE_INFOPLIST_FILE = YES;
				IPHONEOS_DEPLOYMENT_TARGET = 15.2;
				MARKETING_VERSION = 1.0;
				PRODUCT_BUNDLE_IDENTIFIER = com.bitar.LocationWikipediaTests;
				PRODUCT_NAME = "$(TARGET_NAME)";
				SWIFT_EMIT_LOC_STRINGS = NO;
				SWIFT_VERSION = 5.0;
				TARGETED_DEVICE_FAMILY = "1,2";
				TEST_HOST = "$(BUILT_PRODUCTS_DIR)/LocationWikipedia.app/LocationWikipedia";
			};
			name = Release;
		};
/* End XCBuildConfiguration section */

/* Begin XCConfigurationList section */
		4CB368C827D115D2004F0AF0 /* Build configuration list for PBXProject "LocationWikipedia" */ = {
			isa = XCConfigurationList;
			buildConfigurations = (
				4CB368F527D115D4004F0AF0 /* Debug */,
				4CB368F627D115D4004F0AF0 /* Release */,
			);
			defaultConfigurationIsVisible = 0;
			defaultConfigurationName = Release;
		};
		4CB368F727D115D4004F0AF0 /* Build configuration list for PBXNativeTarget "LocationWikipedia" */ = {
			isa = XCConfigurationList;
			buildConfigurations = (
				4CB368F827D115D4004F0AF0 /* Debug */,
				4CB368F927D115D4004F0AF0 /* Release */,
			);
			defaultConfigurationIsVisible = 0;
			defaultConfigurationName = Release;
		};
		4CB368FA27D115D4004F0AF0 /* Build configuration list for PBXNativeTarget "LocationWikipediaTests" */ = {
			isa = XCConfigurationList;
			buildConfigurations = (
				4CB368FB27D115D4004F0AF0 /* Debug */,
				4CB368FC27D115D4004F0AF0 /* Release */,
			);
			defaultConfigurationIsVisible = 0;
			defaultConfigurationName = Release;
		};
/* End XCConfigurationList section */
	};
	rootObject = 4CB368C527D115D2004F0AF0 /* Project object */;
}
