// !$*UTF8*$!
{
	archiveVersion = 1;
	classes = {
	};
	objectVersion = 55;
	objects = {

/* Begin PBXBuildFile section */
		4CB368D127D115D2004F0AF0 /* AppDelegate.swift in Sources */ = {isa = PBXBuildFile; fileRef = 4CB368D027D115D2004F0AF0 /* AppDelegate.swift */; };
		4CB368D327D115D2004F0AF0 /* SceneDelegate.swift in Sources */ = {isa = PBXBuildFile; fileRef = 4CB368D227D115D2004F0AF0 /* SceneDelegate.swift */; };
		4CB368D527D115D2004F0AF0 /* ViewController.swift in Sources */ = {isa = PBXBuildFile; fileRef = 4CB368D427D115D2004F0AF0 /* ViewController.swift */; };
		4CB368D827D115D2004F0AF0 /* Main.storyboard in Resources */ = {isa = PBXBuildFile; fileRef = 4CB368D627D115D2004F0AF0 /* Main.storyboard */; };
		4CB368DA27D115D3004F0AF0 /* Assets.xcassets in Resources */ = {isa = PBXBuildFile; fileRef = 4CB368D927D115D3004F0AF0 /* Assets.xcassets */; };
		4CB368DD27D115D3004F0AF0 /* LaunchScreen.storyboard in Resources */ = {isa = PBXBuildFile; fileRef = 4CB368DB27D115D3004F0AF0 /* LaunchScreen.storyboard */; };
		4CB368E827D115D4004F0AF0 /* LocationWikipediaTests.swift in Sources */ = {isa = PBXBuildFile; fileRef = 4CB368E727D115D4004F0AF0 /* LocationWikipediaTests.swift */; };
		4CB368F227D115D4004F0AF0 /* LocationWikipediaUITests.swift in Sources */ = {isa = PBXBuildFile; fileRef = 4CB368F127D115D4004F0AF0 /* LocationWikipediaUITests.swift */; };
		4CB368F427D115D4004F0AF0 /* LocationWikipediaUITestsLaunchTests.swift in Sources */ = {isa = PBXBuildFile; fileRef = 4CB368F327D115D4004F0AF0 /* LocationWikipediaUITestsLaunchTests.swift */; };
		4CB3690227D119F4004F0AF0 /* Endpoint.swift in Sources */ = {isa = PBXBuildFile; fileRef = 4CB3690127D119F4004F0AF0 /* Endpoint.swift */; };
		4CB3690427D11A79004F0AF0 /* LocationEndpoint.swift in Sources */ = {isa = PBXBuildFile; fileRef = 4CB3690327D11A79004F0AF0 /* LocationEndpoint.swift */; };
		4CB3690727D1270B004F0AF0 /* LocationModels.swift in Sources */ = {isa = PBXBuildFile; fileRef = 4CB3690627D1270B004F0AF0 /* LocationModels.swift */; };
		4CB3690927D127BE004F0AF0 /* NetworkEngine.swift in Sources */ = {isa = PBXBuildFile; fileRef = 4CB3690827D127BE004F0AF0 /* NetworkEngine.swift */; };
/* End PBXBuildFile section */

/* Begin PBXContainerItemProxy section */
		4CB368E427D115D4004F0AF0 /* PBXContainerItemProxy */ = {
			isa = PBXContainerItemProxy;
			containerPortal = 4CB368C527D115D2004F0AF0 /* Project object */;
			proxyType = 1;
			remoteGlobalIDString = 4CB368CC27D115D2004F0AF0;
			remoteInfo = LocationWikipedia;
		};
		4CB368EE27D115D4004F0AF0 /* PBXContainerItemProxy */ = {
			isa = PBXContainerItemProxy;
			containerPortal = 4CB368C527D115D2004F0AF0 /* Project object */;
			proxyType = 1;
			remoteGlobalIDString = 4CB368CC27D115D2004F0AF0;
			remoteInfo = LocationWikipedia;
		};
/* End PBXContainerItemProxy section */

/* Begin PBXFileReference section */
		4CB368CD27D115D2004F0AF0 /* LocationWikipedia.app */ = {isa = PBXFileReference; explicitFileType = wrapper.application; includeInIndex = 0; path = LocationWikipedia.app; sourceTree = BUILT_PRODUCTS_DIR; };
		4CB368D027D115D2004F0AF0 /* AppDelegate.swift */ = {isa = PBXFileReference; lastKnownFileType = sourcecode.swift; path = AppDelegate.swift; sourceTree = "<group>"; };
		4CB368D227D115D2004F0AF0 /* SceneDelegate.swift */ = {isa = PBXFileReference; lastKnownFileType = sourcecode.swift; path = SceneDelegate.swift; sourceTree = "<group>"; };
		4CB368D427D115D2004F0AF0 /* ViewController.swift */ = {isa = PBXFileReference; lastKnownFileType = sourcecode.swift; path = ViewController.swift; sourceTree = "<group>"; };
		4CB368D727D115D2004F0AF0 /* Base */ = {isa = PBXFileReference; lastKnownFileType = file.storyboard; name = Base; path = Base.lproj/Main.storyboard; sourceTree = "<group>"; };
		4CB368D927D115D3004F0AF0 /* Assets.xcassets */ = {isa = PBXFileReference; lastKnownFileType = folder.assetcatalog; path = Assets.xcassets; sourceTree = "<group>"; };
		4CB368DC27D115D3004F0AF0 /* Base */ = {isa = PBXFileReference; lastKnownFileType = file.storyboard; name = Base; path = Base.lproj/LaunchScreen.storyboard; sourceTree = "<group>"; };
		4CB368DE27D115D3004F0AF0 /* Info.plist */ = {isa = PBXFileReference; lastKnownFileType = text.plist.xml; path = Info.plist; sourceTree = "<group>"; };
		4CB368E327D115D4004F0AF0 /* LocationWikipediaTests.xctest */ = {isa = PBXFileReference; explicitFileType = wrapper.cfbundle; includeInIndex = 0; path = LocationWikipediaTests.xctest; sourceTree = BUILT_PRODUCTS_DIR; };
		4CB368E727D115D4004F0AF0 /* LocationWikipediaTests.swift */ = {isa = PBXFileReference; lastKnownFileType = sourcecode.swift; path = LocationWikipediaTests.swift; sourceTree = "<group>"; };
		4CB368ED27D115D4004F0AF0 /* LocationWikipediaUITests.xctest */ = {isa = PBXFileReference; explicitFileType = wrapper.cfbundle; includeInIndex = 0; path = LocationWikipediaUITests.xctest; sourceTree = BUILT_PRODUCTS_DIR; };
		4CB368F127D115D4004F0AF0 /* LocationWikipediaUITests.swift */ = {isa = PBXFileReference; lastKnownFileType = sourcecode.swift; path = LocationWikipediaUITests.swift; sourceTree = "<group>"; };
		4CB368F327D115D4004F0AF0 /* LocationWikipediaUITestsLaunchTests.swift */ = {isa = PBXFileReference; lastKnownFileType = sourcecode.swift; path = LocationWikipediaUITestsLaunchTests.swift; sourceTree = "<group>"; };
		4CB3690127D119F4004F0AF0 /* Endpoint.swift */ = {isa = PBXFileReference; lastKnownFileType = sourcecode.swift; path = Endpoint.swift; sourceTree = "<group>"; };
		4CB3690327D11A79004F0AF0 /* LocationEndpoint.swift */ = {isa = PBXFileReference; lastKnownFileType = sourcecode.swift; path = LocationEndpoint.swift; sourceTree = "<group>"; };
		4CB3690627D1270B004F0AF0 /* LocationModels.swift */ = {isa = PBXFileReference; lastKnownFileType = sourcecode.swift; path = LocationModels.swift; sourceTree = "<group>"; };
		4CB3690827D127BE004F0AF0 /* NetworkEngine.swift */ = {isa = PBXFileReference; lastKnownFileType = sourcecode.swift; path = NetworkEngine.swift; sourceTree = "<group>"; };
/* End PBXFileReference section */

/* Begin PBXFrameworksBuildPhase section */
		4CB368CA27D115D2004F0AF0 /* Frameworks */ = {
			isa = PBXFrameworksBuildPhase;
			buildActionMask = 2147483647;
			files = (
			);
			runOnlyForDeploymentPostprocessing = 0;
		};
		4CB368E027D115D4004F0AF0 /* Frameworks */ = {
			isa = PBXFrameworksBuildPhase;
			buildActionMask = 2147483647;
			files = (
			);
			runOnlyForDeploymentPostprocessing = 0;
		};
		4CB368EA27D115D4004F0AF0 /* Frameworks */ = {
			isa = PBXFrameworksBuildPhase;
			buildActionMask = 2147483647;
			files = (
			);
			runOnlyForDeploymentPostprocessing = 0;
		};
/* End PBXFrameworksBuildPhase section */

/* Begin PBXGroup section */
		4CB368C427D115D2004F0AF0 = {
			isa = PBXGroup;
			children = (
				4CB368CF27D115D2004F0AF0 /* LocationWikipedia */,
				4CB368E627D115D4004F0AF0 /* LocationWikipediaTests */,
				4CB368F027D115D4004F0AF0 /* LocationWikipediaUITests */,
				4CB368CE27D115D2004F0AF0 /* Products */,
			);
			sourceTree = "<group>";
		};
		4CB368CE27D115D2004F0AF0 /* Products */ = {
			isa = PBXGroup;
			children = (
				4CB368CD27D115D2004F0AF0 /* LocationWikipedia.app */,
				4CB368E327D115D4004F0AF0 /* LocationWikipediaTests.xctest */,
				4CB368ED27D115D4004F0AF0 /* LocationWikipediaUITests.xctest */,
			);
			name = Products;
			sourceTree = "<group>";
		};
		4CB368CF27D115D2004F0AF0 /* LocationWikipedia */ = {
			isa = PBXGroup;
			children = (
				4CB3690027D119E6004F0AF0 /* Network Layer */,
				4CB368D027D115D2004F0AF0 /* AppDelegate.swift */,
				4CB368D227D115D2004F0AF0 /* SceneDelegate.swift */,
				4CB368D427D115D2004F0AF0 /* ViewController.swift */,
				4CB368D627D115D2004F0AF0 /* Main.storyboard */,
				4CB368D927D115D3004F0AF0 /* Assets.xcassets */,
				4CB368DB27D115D3004F0AF0 /* LaunchScreen.storyboard */,
				4CB368DE27D115D3004F0AF0 /* Info.plist */,
				4CB3690627D1270B004F0AF0 /* LocationModels.swift */,
			);
			path = LocationWikipedia;
			sourceTree = "<group>";
		};
		4CB368E627D115D4004F0AF0 /* LocationWikipediaTests */ = {
			isa = PBXGroup;
			children = (
				4CB368E727D115D4004F0AF0 /* LocationWikipediaTests.swift */,
			);
			path = LocationWikipediaTests;
			sourceTree = "<group>";
		};
		4CB368F027D115D4004F0AF0 /* LocationWikipediaUITests */ = {
			isa = PBXGroup;
			children = (
				4CB368F127D115D4004F0AF0 /* LocationWikipediaUITests.swift */,
				4CB368F327D115D4004F0AF0 /* LocationWikipediaUITestsLaunchTests.swift */,
			);
			path = LocationWikipediaUITests;
			sourceTree = "<group>";
		};
		4CB3690027D119E6004F0AF0 /* Network Layer */ = {
			isa = PBXGroup;
			children = (
				4CB3690127D119F4004F0AF0 /* Endpoint.swift */,
				4CB3690327D11A79004F0AF0 /* LocationEndpoint.swift */,
				4CB3690827D127BE004F0AF0 /* NetworkEngine.swift */,
			);
			path = "Network Layer";
			sourceTree = "<group>";
		};
/* End PBXGroup section */

/* Begin PBXNativeTarget section */
		4CB368CC27D115D2004F0AF0 /* LocationWikipedia */ = {
			isa = PBXNativeTarget;
			buildConfigurationList = 4CB368F727D115D4004F0AF0 /* Build configuration list for PBXNativeTarget "LocationWikipedia" */;
			buildPhases = (
				4CB368C927D115D2004F0AF0 /* Sources */,
				4CB368CA27D115D2004F0AF0 /* Frameworks */,
				4CB368CB27D115D2004F0AF0 /* Resources */,
			);
			buildRules = (
			);
			dependencies = (
			);
			name = LocationWikipedia;
			productName = LocationWikipedia;
			productReference = 4CB368CD27D115D2004F0AF0 /* LocationWikipedia.app */;
			productType = "com.apple.product-type.application";
		};
		4CB368E227D115D4004F0AF0 /* LocationWikipediaTests */ = {
			isa = PBXNativeTarget;
			buildConfigurationList = 4CB368FA27D115D4004F0AF0 /* Build configuration list for PBXNativeTarget "LocationWikipediaTests" */;
			buildPhases = (
				4CB368DF27D115D4004F0AF0 /* Sources */,
				4CB368E027D115D4004F0AF0 /* Frameworks */,
				4CB368E127D115D4004F0AF0 /* Resources */,
			);
			buildRules = (
			);
			dependencies = (
				4CB368E527D115D4004F0AF0 /* PBXTargetDependency */,
			);
			name = LocationWikipediaTests;
			productName = LocationWikipediaTests;
			productReference = 4CB368E327D115D4004F0AF0 /* LocationWikipediaTests.xctest */;
			productType = "com.apple.product-type.bundle.unit-test";
		};
		4CB368EC27D115D4004F0AF0 /* LocationWikipediaUITests */ = {
			isa = PBXNativeTarget;
			buildConfigurationList = 4CB368FD27D115D4004F0AF0 /* Build configuration list for PBXNativeTarget "LocationWikipediaUITests" */;
			buildPhases = (
				4CB368E927D115D4004F0AF0 /* Sources */,
				4CB368EA27D115D4004F0AF0 /* Frameworks */,
				4CB368EB27D115D4004F0AF0 /* Resources */,
			);
			buildRules = (
			);
			dependencies = (
				4CB368EF27D115D4004F0AF0 /* PBXTargetDependency */,
			);
			name = LocationWikipediaUITests;
			productName = LocationWikipediaUITests;
			productReference = 4CB368ED27D115D4004F0AF0 /* LocationWikipediaUITests.xctest */;
			productType = "com.apple.product-type.bundle.ui-testing";
		};
/* End PBXNativeTarget section */

/* Begin PBXProject section */
		4CB368C527D115D2004F0AF0 /* Project object */ = {
			isa = PBXProject;
			attributes = {
				BuildIndependentTargetsInParallel = 1;
				LastSwiftUpdateCheck = 1320;
				LastUpgradeCheck = 1320;
				TargetAttributes = {
					4CB368CC27D115D2004F0AF0 = {
						CreatedOnToolsVersion = 13.2.1;
					};
					4CB368E227D115D4004F0AF0 = {
						CreatedOnToolsVersion = 13.2.1;
						TestTargetID = 4CB368CC27D115D2004F0AF0;
					};
					4CB368EC27D115D4004F0AF0 = {
						CreatedOnToolsVersion = 13.2.1;
						TestTargetID = 4CB368CC27D115D2004F0AF0;
					};
				};
			};
			buildConfigurationList = 4CB368C827D115D2004F0AF0 /* Build configuration list for PBXProject "LocationWikipedia" */;
			compatibilityVersion = "Xcode 13.0";
			developmentRegion = en;
			hasScannedForEncodings = 0;
			knownRegions = (
				en,
				Base,
			);
			mainGroup = 4CB368C427D115D2004F0AF0;
			productRefGroup = 4CB368CE27D115D2004F0AF0 /* Products */;
			projectDirPath = "";
			projectRoot = "";
			targets = (
				4CB368CC27D115D2004F0AF0 /* LocationWikipedia */,
				4CB368E227D115D4004F0AF0 /* LocationWikipediaTests */,
				4CB368EC27D115D4004F0AF0 /* LocationWikipediaUITests */,
			);
		};
/* End PBXProject section */

/* Begin PBXResourcesBuildPhase section */
		4CB368CB27D115D2004F0AF0 /* Resources */ = {
			isa = PBXResourcesBuildPhase;
			buildActionMask = 2147483647;
			files = (
				4CB368DD27D115D3004F0AF0 /* LaunchScreen.storyboard in Resources */,
				4CB368DA27D115D3004F0AF0 /* Assets.xcassets in Resources */,
				4CB368D827D115D2004F0AF0 /* Main.storyboard in Resources */,
			);
			runOnlyForDeploymentPostprocessing = 0;
		};
		4CB368E127D115D4004F0AF0 /* Resources */ = {
			isa = PBXResourcesBuildPhase;
			buildActionMask = 2147483647;
			files = (
			);
			runOnlyForDeploymentPostprocessing = 0;
		};
		4CB368EB27D115D4004F0AF0 /* Resources */ = {
			isa = PBXResourcesBuildPhase;
			buildActionMask = 2147483647;
			files = (
			);
			runOnlyForDeploymentPostprocessing = 0;
		};
/* End PBXResourcesBuildPhase section */

/* Begin PBXSourcesBuildPhase section */
		4CB368C927D115D2004F0AF0 /* Sources */ = {
			isa = PBXSourcesBuildPhase;
			buildActionMask = 2147483647;
			files = (
				4CB3690727D1270B004F0AF0 /* LocationModels.swift in Sources */,
				4CB368D527D115D2004F0AF0 /* ViewController.swift in Sources */,
				4CB3690927D127BE004F0AF0 /* NetworkEngine.swift in Sources */,
				4CB368D127D115D2004F0AF0 /* AppDelegate.swift in Sources */,
				4CB3690227D119F4004F0AF0 /* Endpoint.swift in Sources */,
				4CB3690427D11A79004F0AF0 /* LocationEndpoint.swift in Sources */,
				4CB368D327D115D2004F0AF0 /* SceneDelegate.swift in Sources */,
			);
			runOnlyForDeploymentPostprocessing = 0;
		};
		4CB368DF27D115D4004F0AF0 /* Sources */ = {
			isa = PBXSourcesBuildPhase;
			buildActionMask = 2147483647;
			files = (
				4CB368E827D115D4004F0AF0 /* LocationWikipediaTests.swift in Sources */,
			);
			runOnlyForDeploymentPostprocessing = 0;
		};
		4CB368E927D115D4004F0AF0 /* Sources */ = {
			isa = PBXSourcesBuildPhase;
			buildActionMask = 2147483647;
			files = (
				4CB368F227D115D4004F0AF0 /* LocationWikipediaUITests.swift in Sources */,
				4CB368F427D115D4004F0AF0 /* LocationWikipediaUITestsLaunchTests.swift in Sources */,
			);
			runOnlyForDeploymentPostprocessing = 0;
		};
/* End PBXSourcesBuildPhase section */

/* Begin PBXTargetDependency section */
		4CB368E527D115D4004F0AF0 /* PBXTargetDependency */ = {
			isa = PBXTargetDependency;
			target = 4CB368CC27D115D2004F0AF0 /* LocationWikipedia */;
			targetProxy = 4CB368E427D115D4004F0AF0 /* PBXContainerItemProxy */;
		};
		4CB368EF27D115D4004F0AF0 /* PBXTargetDependency */ = {
			isa = PBXTargetDependency;
			target = 4CB368CC27D115D2004F0AF0 /* LocationWikipedia */;
			targetProxy = 4CB368EE27D115D4004F0AF0 /* PBXContainerItemProxy */;
		};
/* End PBXTargetDependency section */

/* Begin PBXVariantGroup section */
		4CB368D627D115D2004F0AF0 /* Main.storyboard */ = {
			isa = PBXVariantGroup;
			children = (
				4CB368D727D115D2004F0AF0 /* Base */,
			);
			name = Main.storyboard;
			sourceTree = "<group>";
		};
		4CB368DB27D115D3004F0AF0 /* LaunchScreen.storyboard */ = {
			isa = PBXVariantGroup;
			children = (
				4CB368DC27D115D3004F0AF0 /* Base */,
			);
			name = LaunchScreen.storyboard;
			sourceTree = "<group>";
		};
/* End PBXVariantGroup section */

/* Begin XCBuildConfiguration section */
		4CB368F527D115D4004F0AF0 /* Debug */ = {
			isa = XCBuildConfiguration;
			buildSettings = {
				ALWAYS_SEARCH_USER_PATHS = NO;
				CLANG_ANALYZER_NONNULL = YES;
				CLANG_ANALYZER_NUMBER_OBJECT_CONVERSION = YES_AGGRESSIVE;
				CLANG_CXX_LANGUAGE_STANDARD = "gnu++17";
				CLANG_CXX_LIBRARY = "libc++";
				CLANG_ENABLE_MODULES = YES;
				CLANG_ENABLE_OBJC_ARC = YES;
				CLANG_ENABLE_OBJC_WEAK = YES;
				CLANG_WARN_BLOCK_CAPTURE_AUTORELEASING = YES;
				CLANG_WARN_BOOL_CONVERSION = YES;
				CLANG_WARN_COMMA = YES;
				CLANG_WARN_CONSTANT_CONVERSION = YES;
				CLANG_WARN_DEPRECATED_OBJC_IMPLEMENTATIONS = YES;
				CLANG_WARN_DIRECT_OBJC_ISA_USAGE = YES_ERROR;
				CLANG_WARN_DOCUMENTATION_COMMENTS = YES;
				CLANG_WARN_EMPTY_BODY = YES;
				CLANG_WARN_ENUM_CONVERSION = YES;
				CLANG_WARN_INFINITE_RECURSION = YES;
				CLANG_WARN_INT_CONVERSION = YES;
				CLANG_WARN_NON_LITERAL_NULL_CONVERSION = YES;
				CLANG_WARN_OBJC_IMPLICIT_RETAIN_SELF = YES;
				CLANG_WARN_OBJC_LITERAL_CONVERSION = YES;
				CLANG_WARN_OBJC_ROOT_CLASS = YES_ERROR;
				CLANG_WARN_QUOTED_INCLUDE_IN_FRAMEWORK_HEADER = YES;
				CLANG_WARN_RANGE_LOOP_ANALYSIS = YES;
				CLANG_WARN_STRICT_PROTOTYPES = YES;
				CLANG_WARN_SUSPICIOUS_MOVE = YES;
				CLANG_WARN_UNGUARDED_AVAILABILITY = YES_AGGRESSIVE;
				CLANG_WARN_UNREACHABLE_CODE = YES;
				CLANG_WARN__DUPLICATE_METHOD_MATCH = YES;
				COPY_PHASE_STRIP = NO;
				DEBUG_INFORMATION_FORMAT = dwarf;
				ENABLE_STRICT_OBJC_MSGSEND = YES;
				ENABLE_TESTABILITY = YES;
				GCC_C_LANGUAGE_STANDARD = gnu11;
				GCC_DYNAMIC_NO_PIC = NO;
				GCC_NO_COMMON_BLOCKS = YES;
				GCC_OPTIMIZATION_LEVEL = 0;
				GCC_PREPROCESSOR_DEFINITIONS = (
					"DEBUG=1",
					"$(inherited)",
				);
				GCC_WARN_64_TO_32_BIT_CONVERSION = YES;
				GCC_WARN_ABOUT_RETURN_TYPE = YES_ERROR;
				GCC_WARN_UNDECLARED_SELECTOR = YES;
				GCC_WARN_UNINITIALIZED_AUTOS = YES_AGGRESSIVE;
				GCC_WARN_UNUSED_FUNCTION = YES;
				GCC_WARN_UNUSED_VARIABLE = YES;
				IPHONEOS_DEPLOYMENT_TARGET = 15.2;
				MTL_ENABLE_DEBUG_INFO = INCLUDE_SOURCE;
				MTL_FAST_MATH = YES;
				ONLY_ACTIVE_ARCH = YES;
				SDKROOT = iphoneos;
				SWIFT_ACTIVE_COMPILATION_CONDITIONS = DEBUG;
				SWIFT_OPTIMIZATION_LEVEL = "-Onone";
			};
			name = Debug;
		};
		4CB368F627D115D4004F0AF0 /* Release */ = {
			isa = XCBuildConfiguration;
			buildSettings = {
				ALWAYS_SEARCH_USER_PATHS = NO;
				CLANG_ANALYZER_NONNULL = YES;
				CLANG_ANALYZER_NUMBER_OBJECT_CONVERSION = YES_AGGRESSIVE;
				CLANG_CXX_LANGUAGE_STANDARD = "gnu++17";
				CLANG_CXX_LIBRARY = "libc++";
				CLANG_ENABLE_MODULES = YES;
				CLANG_ENABLE_OBJC_ARC = YES;
				CLANG_ENABLE_OBJC_WEAK = YES;
				CLANG_WARN_BLOCK_CAPTURE_AUTORELEASING = YES;
				CLANG_WARN_BOOL_CONVERSION = YES;
				CLANG_WARN_COMMA = YES;
				CLANG_WARN_CONSTANT_CONVERSION = YES;
				CLANG_WARN_DEPRECATED_OBJC_IMPLEMENTATIONS = YES;
				CLANG_WARN_DIRECT_OBJC_ISA_USAGE = YES_ERROR;
				CLANG_WARN_DOCUMENTATION_COMMENTS = YES;
				CLANG_WARN_EMPTY_BODY = YES;
				CLANG_WARN_ENUM_CONVERSION = YES;
				CLANG_WARN_INFINITE_RECURSION = YES;
				CLANG_WARN_INT_CONVERSION = YES;
				CLANG_WARN_NON_LITERAL_NULL_CONVERSION = YES;
				CLANG_WARN_OBJC_IMPLICIT_RETAIN_SELF = YES;
				CLANG_WARN_OBJC_LITERAL_CONVERSION = YES;
				CLANG_WARN_OBJC_ROOT_CLASS = YES_ERROR;
				CLANG_WARN_QUOTED_INCLUDE_IN_FRAMEWORK_HEADER = YES;
				CLANG_WARN_RANGE_LOOP_ANALYSIS = YES;
				CLANG_WARN_STRICT_PROTOTYPES = YES;
				CLANG_WARN_SUSPICIOUS_MOVE = YES;
				CLANG_WARN_UNGUARDED_AVAILABILITY = YES_AGGRESSIVE;
				CLANG_WARN_UNREACHABLE_CODE = YES;
				CLANG_WARN__DUPLICATE_METHOD_MATCH = YES;
				COPY_PHASE_STRIP = NO;
				DEBUG_INFORMATION_FORMAT = "dwarf-with-dsym";
				ENABLE_NS_ASSERTIONS = NO;
				ENABLE_STRICT_OBJC_MSGSEND = YES;
				GCC_C_LANGUAGE_STANDARD = gnu11;
				GCC_NO_COMMON_BLOCKS = YES;
				GCC_WARN_64_TO_32_BIT_CONVERSION = YES;
				GCC_WARN_ABOUT_RETURN_TYPE = YES_ERROR;
				GCC_WARN_UNDECLARED_SELECTOR = YES;
				GCC_WARN_UNINITIALIZED_AUTOS = YES_AGGRESSIVE;
				GCC_WARN_UNUSED_FUNCTION = YES;
				GCC_WARN_UNUSED_VARIABLE = YES;
				IPHONEOS_DEPLOYMENT_TARGET = 15.2;
				MTL_ENABLE_DEBUG_INFO = NO;
				MTL_FAST_MATH = YES;
				SDKROOT = iphoneos;
				SWIFT_COMPILATION_MODE = wholemodule;
				SWIFT_OPTIMIZATION_LEVEL = "-O";
				VALIDATE_PRODUCT = YES;
			};
			name = Release;
		};
		4CB368F827D115D4004F0AF0 /* Debug */ = {
			isa = XCBuildConfiguration;
			buildSettings = {
				ASSETCATALOG_COMPILER_APPICON_NAME = AppIcon;
				ASSETCATALOG_COMPILER_GLOBAL_ACCENT_COLOR_NAME = AccentColor;
				CODE_SIGN_STYLE = Automatic;
				CURRENT_PROJECT_VERSION = 1;
				DEVELOPMENT_TEAM = ZUTM2D9M6W;
				GENERATE_INFOPLIST_FILE = YES;
				INFOPLIST_FILE = LocationWikipedia/Info.plist;
				INFOPLIST_KEY_UIApplicationSupportsIndirectInputEvents = YES;
				INFOPLIST_KEY_UILaunchStoryboardName = LaunchScreen;
				INFOPLIST_KEY_UIMainStoryboardFile = Main;
				INFOPLIST_KEY_UISupportedInterfaceOrientations_iPad = "UIInterfaceOrientationPortrait UIInterfaceOrientationPortraitUpsideDown UIInterfaceOrientationLandscapeLeft UIInterfaceOrientationLandscapeRight";
				INFOPLIST_KEY_UISupportedInterfaceOrientations_iPhone = "UIInterfaceOrientationPortrait UIInterfaceOrientationLandscapeLeft UIInterfaceOrientationLandscapeRight";
				LD_RUNPATH_SEARCH_PATHS = (
					"$(inherited)",
					"@executable_path/Frameworks",
				);
				MARKETING_VERSION = 1.0;
				PRODUCT_BUNDLE_IDENTIFIER = com.bitar.LocationWikipedia;
				PRODUCT_NAME = "$(TARGET_NAME)";
				SWIFT_EMIT_LOC_STRINGS = YES;
				SWIFT_VERSION = 5.0;
				TARGETED_DEVICE_FAMILY = "1,2";
			};
			name = Debug;
		};
		4CB368F927D115D4004F0AF0 /* Release */ = {
			isa = XCBuildConfiguration;
			buildSettings = {
				ASSETCATALOG_COMPILER_APPICON_NAME = AppIcon;
				ASSETCATALOG_COMPILER_GLOBAL_ACCENT_COLOR_NAME = AccentColor;
				CODE_SIGN_STYLE = Automatic;
				CURRENT_PROJECT_VERSION = 1;
				DEVELOPMENT_TEAM = ZUTM2D9M6W;
				GENERATE_INFOPLIST_FILE = YES;
				INFOPLIST_FILE = LocationWikipedia/Info.plist;
				INFOPLIST_KEY_UIApplicationSupportsIndirectInputEvents = YES;
				INFOPLIST_KEY_UILaunchStoryboardName = LaunchScreen;
				INFOPLIST_KEY_UIMainStoryboardFile = Main;
				INFOPLIST_KEY_UISupportedInterfaceOrientations_iPad = "UIInterfaceOrientationPortrait UIInterfaceOrientationPortraitUpsideDown UIInterfaceOrientationLandscapeLeft UIInterfaceOrientationLandscapeRight";
				INFOPLIST_KEY_UISupportedInterfaceOrientations_iPhone = "UIInterfaceOrientationPortrait UIInterfaceOrientationLandscapeLeft UIInterfaceOrientationLandscapeRight";
				LD_RUNPATH_SEARCH_PATHS = (
					"$(inherited)",
					"@executable_path/Frameworks",
				);
				MARKETING_VERSION = 1.0;
				PRODUCT_BUNDLE_IDENTIFIER = com.bitar.LocationWikipedia;
				PRODUCT_NAME = "$(TARGET_NAME)";
				SWIFT_EMIT_LOC_STRINGS = YES;
				SWIFT_VERSION = 5.0;
				TARGETED_DEVICE_FAMILY = "1,2";
			};
			name = Release;
		};
		4CB368FB27D115D4004F0AF0 /* Debug */ = {
			isa = XCBuildConfiguration;
			buildSettings = {
				ALWAYS_EMBED_SWIFT_STANDARD_LIBRARIES = YES;
				BUNDLE_LOADER = "$(TEST_HOST)";
				CODE_SIGN_STYLE = Automatic;
				CURRENT_PROJECT_VERSION = 1;
				DEVELOPMENT_TEAM = ZUTM2D9M6W;
				GENERATE_INFOPLIST_FILE = YES;
				IPHONEOS_DEPLOYMENT_TARGET = 15.2;
				MARKETING_VERSION = 1.0;
				PRODUCT_BUNDLE_IDENTIFIER = com.bitar.LocationWikipediaTests;
				PRODUCT_NAME = "$(TARGET_NAME)";
				SWIFT_EMIT_LOC_STRINGS = NO;
				SWIFT_VERSION = 5.0;
				TARGETED_DEVICE_FAMILY = "1,2";
				TEST_HOST = "$(BUILT_PRODUCTS_DIR)/LocationWikipedia.app/LocationWikipedia";
			};
			name = Debug;
		};
		4CB368FC27D115D4004F0AF0 /* Release */ = {
			isa = XCBuildConfiguration;
			buildSettings = {
				ALWAYS_EMBED_SWIFT_STANDARD_LIBRARIES = YES;
				BUNDLE_LOADER = "$(TEST_HOST)";
				CODE_SIGN_STYLE = Automatic;
				CURRENT_PROJECT_VERSION = 1;
				DEVELOPMENT_TEAM = ZUTM2D9M6W;
				GENERATE_INFOPLIST_FILE = YES;
				IPHONEOS_DEPLOYMENT_TARGET = 15.2;
				MARKETING_VERSION = 1.0;
				PRODUCT_BUNDLE_IDENTIFIER = com.bitar.LocationWikipediaTests;
				PRODUCT_NAME = "$(TARGET_NAME)";
				SWIFT_EMIT_LOC_STRINGS = NO;
				SWIFT_VERSION = 5.0;
				TARGETED_DEVICE_FAMILY = "1,2";
				TEST_HOST = "$(BUILT_PRODUCTS_DIR)/LocationWikipedia.app/LocationWikipedia";
			};
			name = Release;
		};
		4CB368FE27D115D4004F0AF0 /* Debug */ = {
			isa = XCBuildConfiguration;
			buildSettings = {
				ALWAYS_EMBED_SWIFT_STANDARD_LIBRARIES = YES;
				CODE_SIGN_STYLE = Automatic;
				CURRENT_PROJECT_VERSION = 1;
				DEVELOPMENT_TEAM = ZUTM2D9M6W;
				GENERATE_INFOPLIST_FILE = YES;
				MARKETING_VERSION = 1.0;
				PRODUCT_BUNDLE_IDENTIFIER = com.bitar.LocationWikipediaUITests;
				PRODUCT_NAME = "$(TARGET_NAME)";
				SWIFT_EMIT_LOC_STRINGS = NO;
				SWIFT_VERSION = 5.0;
				TARGETED_DEVICE_FAMILY = "1,2";
				TEST_TARGET_NAME = LocationWikipedia;
			};
			name = Debug;
		};
		4CB368FF27D115D4004F0AF0 /* Release */ = {
			isa = XCBuildConfiguration;
			buildSettings = {
				ALWAYS_EMBED_SWIFT_STANDARD_LIBRARIES = YES;
				CODE_SIGN_STYLE = Automatic;
				CURRENT_PROJECT_VERSION = 1;
				DEVELOPMENT_TEAM = ZUTM2D9M6W;
				GENERATE_INFOPLIST_FILE = YES;
				MARKETING_VERSION = 1.0;
				PRODUCT_BUNDLE_IDENTIFIER = com.bitar.LocationWikipediaUITests;
				PRODUCT_NAME = "$(TARGET_NAME)";
				SWIFT_EMIT_LOC_STRINGS = NO;
				SWIFT_VERSION = 5.0;
				TARGETED_DEVICE_FAMILY = "1,2";
				TEST_TARGET_NAME = LocationWikipedia;
			};
			name = Release;
		};
/* End XCBuildConfiguration section */

/* Begin XCConfigurationList section */
		4CB368C827D115D2004F0AF0 /* Build configuration list for PBXProject "LocationWikipedia" */ = {
			isa = XCConfigurationList;
			buildConfigurations = (
				4CB368F527D115D4004F0AF0 /* Debug */,
				4CB368F627D115D4004F0AF0 /* Release */,
			);
			defaultConfigurationIsVisible = 0;
			defaultConfigurationName = Release;
		};
		4CB368F727D115D4004F0AF0 /* Build configuration list for PBXNativeTarget "LocationWikipedia" */ = {
			isa = XCConfigurationList;
			buildConfigurations = (
				4CB368F827D115D4004F0AF0 /* Debug */,
				4CB368F927D115D4004F0AF0 /* Release */,
			);
			defaultConfigurationIsVisible = 0;
			defaultConfigurationName = Release;
		};
		4CB368FA27D115D4004F0AF0 /* Build configuration list for PBXNativeTarget "LocationWikipediaTests" */ = {
			isa = XCConfigurationList;
			buildConfigurations = (
				4CB368FB27D115D4004F0AF0 /* Debug */,
				4CB368FC27D115D4004F0AF0 /* Release */,
			);
			defaultConfigurationIsVisible = 0;
			defaultConfigurationName = Release;
		};
		4CB368FD27D115D4004F0AF0 /* Build configuration list for PBXNativeTarget "LocationWikipediaUITests" */ = {
			isa = XCConfigurationList;
			buildConfigurations = (
				4CB368FE27D115D4004F0AF0 /* Debug */,
				4CB368FF27D115D4004F0AF0 /* Release */,
			);
			defaultConfigurationIsVisible = 0;
			defaultConfigurationName = Release;
		};
/* End XCConfigurationList section */
	};
	rootObject = 4CB368C527D115D2004F0AF0 /* Project object */;
}
